// !$*UTF8*$!
{
	archiveVersion = 1;
	classes = {
	};
	objectVersion = 46;
	objects = {

/* Begin PBXBuildFile section */
		6D4575941E3DCF46000A2771 /* AppDelegate.swift in Sources */ = {isa = PBXBuildFile; fileRef = 6D4575931E3DCF46000A2771 /* AppDelegate.swift */; };
		6D4575961E3DCF46000A2771 /* ViewController.swift in Sources */ = {isa = PBXBuildFile; fileRef = 6D4575951E3DCF46000A2771 /* ViewController.swift */; };
		6D4575991E3DCF46000A2771 /* Main.storyboard in Resources */ = {isa = PBXBuildFile; fileRef = 6D4575971E3DCF46000A2771 /* Main.storyboard */; };
		6D45759B1E3DCF46000A2771 /* Assets.xcassets in Resources */ = {isa = PBXBuildFile; fileRef = 6D45759A1E3DCF46000A2771 /* Assets.xcassets */; };
		6D45759E1E3DCF46000A2771 /* LaunchScreen.storyboard in Resources */ = {isa = PBXBuildFile; fileRef = 6D45759C1E3DCF46000A2771 /* LaunchScreen.storyboard */; };
		6D76D2901E3DDA0100E8CA8C /* SecondController.swift in Sources */ = {isa = PBXBuildFile; fileRef = 6D76D28F1E3DDA0100E8CA8C /* SecondController.swift */; };
		6D76D2921E3DE6D300E8CA8C /* ThirdController.swift in Sources */ = {isa = PBXBuildFile; fileRef = 6D76D2911E3DE6D300E8CA8C /* ThirdController.swift */; };
		6D76D2961E3DEE8900E8CA8C /* FourthController.swift in Sources */ = {isa = PBXBuildFile; fileRef = 6D76D2951E3DEE8900E8CA8C /* FourthController.swift */; };
/* End PBXBuildFile section */

/* Begin PBXFileReference section */
		6D4575901E3DCF46000A2771 /* MyTables.app */ = {isa = PBXFileReference; explicitFileType = wrapper.application; includeInIndex = 0; path = MyTables.app; sourceTree = BUILT_PRODUCTS_DIR; };
		6D4575931E3DCF46000A2771 /* AppDelegate.swift */ = {isa = PBXFileReference; lastKnownFileType = sourcecode.swift; path = AppDelegate.swift; sourceTree = "<group>"; };
		6D4575951E3DCF46000A2771 /* ViewController.swift */ = {isa = PBXFileReference; lastKnownFileType = sourcecode.swift; path = ViewController.swift; sourceTree = "<group>"; };
		6D4575981E3DCF46000A2771 /* Base */ = {isa = PBXFileReference; lastKnownFileType = file.storyboard; name = Base; path = Base.lproj/Main.storyboard; sourceTree = "<group>"; };
		6D45759A1E3DCF46000A2771 /* Assets.xcassets */ = {isa = PBXFileReference; lastKnownFileType = folder.assetcatalog; path = Assets.xcassets; sourceTree = "<group>"; };
		6D45759D1E3DCF46000A2771 /* Base */ = {isa = PBXFileReference; lastKnownFileType = file.storyboard; name = Base; path = Base.lproj/LaunchScreen.storyboard; sourceTree = "<group>"; };
		6D45759F1E3DCF46000A2771 /* Info.plist */ = {isa = PBXFileReference; lastKnownFileType = text.plist.xml; path = Info.plist; sourceTree = "<group>"; };
		6D76D28F1E3DDA0100E8CA8C /* SecondController.swift */ = {isa = PBXFileReference; fileEncoding = 4; lastKnownFileType = sourcecode.swift; path = SecondController.swift; sourceTree = "<group>"; };
		6D76D2911E3DE6D300E8CA8C /* ThirdController.swift */ = {isa = PBXFileReference; fileEncoding = 4; lastKnownFileType = sourcecode.swift; path = ThirdController.swift; sourceTree = "<group>"; };
		6D76D2951E3DEE8900E8CA8C /* FourthController.swift */ = {isa = PBXFileReference; fileEncoding = 4; lastKnownFileType = sourcecode.swift; path = FourthController.swift; sourceTree = "<group>"; };
/* End PBXFileReference section */

/* Begin PBXFrameworksBuildPhase section */
		6D45758D1E3DCF46000A2771 /* Frameworks */ = {
			isa = PBXFrameworksBuildPhase;
			buildActionMask = 2147483647;
			files = (
			);
			runOnlyForDeploymentPostprocessing = 0;
		};
/* End PBXFrameworksBuildPhase section */

/* Begin PBXGroup section */
		6D4575871E3DCF46000A2771 = {
			isa = PBXGroup;
			children = (
				6D4575921E3DCF46000A2771 /* MyTables */,
				6D4575911E3DCF46000A2771 /* Products */,
			);
			sourceTree = "<group>";
		};
		6D4575911E3DCF46000A2771 /* Products */ = {
			isa = PBXGroup;
			children = (
				6D4575901E3DCF46000A2771 /* MyTables.app */,
			);
			name = Products;
			sourceTree = "<group>";
		};
		6D4575921E3DCF46000A2771 /* MyTables */ = {
			isa = PBXGroup;
			children = (
				6D4575931E3DCF46000A2771 /* AppDelegate.swift */,
				6D4575951E3DCF46000A2771 /* ViewController.swift */,
				6D76D28F1E3DDA0100E8CA8C /* SecondController.swift */,
				6D76D2911E3DE6D300E8CA8C /* ThirdController.swift */,
				6D76D2951E3DEE8900E8CA8C /* FourthController.swift */,
				6D4575971E3DCF46000A2771 /* Main.storyboard */,
				6D45759A1E3DCF46000A2771 /* Assets.xcassets */,
				6D45759C1E3DCF46000A2771 /* LaunchScreen.storyboard */,
				6D45759F1E3DCF46000A2771 /* Info.plist */,
			);
			path = MyTables;
			sourceTree = "<group>";
		};
/* End PBXGroup section */

/* Begin PBXNativeTarget section */
		6D45758F1E3DCF46000A2771 /* MyTables */ = {
			isa = PBXNativeTarget;
			buildConfigurationList = 6D4575A21E3DCF46000A2771 /* Build configuration list for PBXNativeTarget "MyTables" */;
			buildPhases = (
				6D45758C1E3DCF46000A2771 /* Sources */,
				6D45758D1E3DCF46000A2771 /* Frameworks */,
				6D45758E1E3DCF46000A2771 /* Resources */,
			);
			buildRules = (
			);
			dependencies = (
			);
			name = MyTables;
			productName = MyTables;
			productReference = 6D4575901E3DCF46000A2771 /* MyTables.app */;
			productType = "com.apple.product-type.application";
		};
/* End PBXNativeTarget section */

/* Begin PBXProject section */
		6D4575881E3DCF46000A2771 /* Project object */ = {
			isa = PBXProject;
			attributes = {
				LastSwiftUpdateCheck = 0820;
				LastUpgradeCheck = 0820;
				ORGANIZATIONNAME = hackeru;
				TargetAttributes = {
					6D45758F1E3DCF46000A2771 = {
						CreatedOnToolsVersion = 8.2.1;
						ProvisioningStyle = Automatic;
					};
				};
			};
			buildConfigurationList = 6D45758B1E3DCF46000A2771 /* Build configuration list for PBXProject "MyTables" */;
			compatibilityVersion = "Xcode 3.2";
			developmentRegion = English;
			hasScannedForEncodings = 0;
			knownRegions = (
				en,
				Base,
			);
			mainGroup = 6D4575871E3DCF46000A2771;
			productRefGroup = 6D4575911E3DCF46000A2771 /* Products */;
			projectDirPath = "";
			projectRoot = "";
			targets = (
				6D45758F1E3DCF46000A2771 /* MyTables */,
			);
		};
/* End PBXProject section */

/* Begin PBXResourcesBuildPhase section */
		6D45758E1E3DCF46000A2771 /* Resources */ = {
			isa = PBXResourcesBuildPhase;
			buildActionMask = 2147483647;
			files = (
				6D45759E1E3DCF46000A2771 /* LaunchScreen.storyboard in Resources */,
				6D45759B1E3DCF46000A2771 /* Assets.xcassets in Resources */,
				6D4575991E3DCF46000A2771 /* Main.storyboard in Resources */,
			);
			runOnlyForDeploymentPostprocessing = 0;
		};
/* End PBXResourcesBuildPhase section */

/* Begin PBXSourcesBuildPhase section */
		6D45758C1E3DCF46000A2771 /* Sources */ = {
			isa = PBXSourcesBuildPhase;
			buildActionMask = 2147483647;
			files = (
				6D76D2901E3DDA0100E8CA8C /* SecondController.swift in Sources */,
				6D4575961E3DCF46000A2771 /* ViewController.swift in Sources */,
				6D4575941E3DCF46000A2771 /* AppDelegate.swift in Sources */,
				6D76D2921E3DE6D300E8CA8C /* ThirdController.swift in Sources */,
				6D76D2961E3DEE8900E8CA8C /* FourthController.swift in Sources */,
			);
			runOnlyForDeploymentPostprocessing = 0;
		};
/* End PBXSourcesBuildPhase section */

/* Begin PBXVariantGroup section */
		6D4575971E3DCF46000A2771 /* Main.storyboard */ = {
			isa = PBXVariantGroup;
			children = (
				6D4575981E3DCF46000A2771 /* Base */,
			);
			name = Main.storyboard;
			sourceTree = "<group>";
		};
		6D45759C1E3DCF46000A2771 /* LaunchScreen.storyboard */ = {
			isa = PBXVariantGroup;
			children = (
				6D45759D1E3DCF46000A2771 /* Base */,
			);
			name = LaunchScreen.storyboard;
			sourceTree = "<group>";
		};
/* End PBXVariantGroup section */

/* Begin XCBuildConfiguration section */
		6D4575A01E3DCF46000A2771 /* Debug */ = {
			isa = XCBuildConfiguration;
			buildSettings = {
				ALWAYS_SEARCH_USER_PATHS = NO;
				CLANG_ANALYZER_NONNULL = YES;
				CLANG_CXX_LANGUAGE_STANDARD = "gnu++0x";
				CLANG_CXX_LIBRARY = "libc++";
				CLANG_ENABLE_MODULES = YES;
				CLANG_ENABLE_OBJC_ARC = YES;
				CLANG_WARN_BOOL_CONVERSION = YES;
				CLANG_WARN_CONSTANT_CONVERSION = YES;
				CLANG_WARN_DIRECT_OBJC_ISA_USAGE = YES_ERROR;
				CLANG_WARN_DOCUMENTATION_COMMENTS = YES;
				CLANG_WARN_EMPTY_BODY = YES;
				CLANG_WARN_ENUM_CONVERSION = YES;
				CLANG_WARN_INFINITE_RECURSION = YES;
				CLANG_WARN_INT_CONVERSION = YES;
				CLANG_WARN_OBJC_ROOT_CLASS = YES_ERROR;
				CLANG_WARN_SUSPICIOUS_MOVE = YES;
				CLANG_WARN_UNREACHABLE_CODE = YES;
				CLANG_WARN__DUPLICATE_METHOD_MATCH = YES;
				"CODE_SIGN_IDENTITY[sdk=iphoneos*]" = "iPhone Developer";
				COPY_PHASE_STRIP = NO;
				DEBUG_INFORMATION_FORMAT = dwarf;
				ENABLE_STRICT_OBJC_MSGSEND = YES;
				ENABLE_TESTABILITY = YES;
				GCC_C_LANGUAGE_STANDARD = gnu99;
				GCC_DYNAMIC_NO_PIC = NO;
				GCC_NO_COMMON_BLOCKS = YES;
				GCC_OPTIMIZATION_LEVEL = 0;
				GCC_PREPROCESSOR_DEFINITIONS = (
					"DEBUG=1",
					"$(inherited)",
				);
				GCC_WARN_64_TO_32_BIT_CONVERSION = YES;
				GCC_WARN_ABOUT_RETURN_TYPE = YES_ERROR;
				GCC_WARN_UNDECLARED_SELECTOR = YES;
				GCC_WARN_UNINITIALIZED_AUTOS = YES_AGGRESSIVE;
				GCC_WARN_UNUSED_FUNCTION = YES;
				GCC_WARN_UNUSED_VARIABLE = YES;
				IPHONEOS_DEPLOYMENT_TARGET = 10.2;
				MTL_ENABLE_DEBUG_INFO = YES;
				ONLY_ACTIVE_ARCH = YES;
				SDKROOT = iphoneos;
				SWIFT_ACTIVE_COMPILATION_CONDITIONS = DEBUG;
				SWIFT_OPTIMIZATION_LEVEL = "-Onone";
			};
			name = Debug;
		};
		6D4575A11E3DCF46000A2771 /* Release */ = {
			isa = XCBuildConfiguration;
			buildSettings = {
				ALWAYS_SEARCH_USER_PATHS = NO;
				CLANG_ANALYZER_NONNULL = YES;
				CLANG_CXX_LANGUAGE_STANDARD = "gnu++0x";
				CLANG_CXX_LIBRARY = "libc++";
				CLANG_ENABLE_MODULES = YES;
				CLANG_ENABLE_OBJC_ARC = YES;
				CLANG_WARN_BOOL_CONVERSION = YES;
				CLANG_WARN_CONSTANT_CONVERSION = YES;
				CLANG_WARN_DIRECT_OBJC_ISA_USAGE = YES_ERROR;
				CLANG_WARN_DOCUMENTATION_COMMENTS = YES;
				CLANG_WARN_EMPTY_BODY = YES;
				CLANG_WARN_ENUM_CONVERSION = YES;
				CLANG_WARN_INFINITE_RECURSION = YES;
				CLANG_WARN_INT_CONVERSION = YES;
				CLANG_WARN_OBJC_ROOT_CLASS = YES_ERROR;
				CLANG_WARN_SUSPICIOUS_MOVE = YES;
				CLANG_WARN_UNREACHABLE_CODE = YES;
				CLANG_WARN__DUPLICATE_METHOD_MATCH = YES;
				"CODE_SIGN_IDENTITY[sdk=iphoneos*]" = "iPhone Developer";
				COPY_PHASE_STRIP = NO;
				DEBUG_INFORMATION_FORMAT = "dwarf-with-dsym";
				ENABLE_NS_ASSERTIONS = NO;
				ENABLE_STRICT_OBJC_MSGSEND = YES;
				GCC_C_LANGUAGE_STANDARD = gnu99;
				GCC_NO_COMMON_BLOCKS = YES;
				GCC_WARN_64_TO_32_BIT_CONVERSION = YES;
				GCC_WARN_ABOUT_RETURN_TYPE = YES_ERROR;
				GCC_WARN_UNDECLARED_SELECTOR = YES;
				GCC_WARN_UNINITIALIZED_AUTOS = YES_AGGRESSIVE;
				GCC_WARN_UNUSED_FUNCTION = YES;
				GCC_WARN_UNUSED_VARIABLE = YES;
				IPHONEOS_DEPLOYMENT_TARGET = 10.2;
				MTL_ENABLE_DEBUG_INFO = NO;
				SDKROOT = iphoneos;
				SWIFT_OPTIMIZATION_LEVEL = "-Owholemodule";
				VALIDATE_PRODUCT = YES;
			};
			name = Release;
		};
		6D4575A31E3DCF46000A2771 /* Debug */ = {
			isa = XCBuildConfiguration;
			buildSettings = {
				ASSETCATALOG_COMPILER_APPICON_NAME = AppIcon;
				INFOPLIST_FILE = MyTables/Info.plist;
				IPHONEOS_DEPLOYMENT_TARGET = 10.0;
				LD_RUNPATH_SEARCH_PATHS = "$(inherited) @executable_path/Frameworks";
				PRODUCT_BUNDLE_IDENTIFIER = grootable.MyTables;
				PRODUCT_NAME = "$(TARGET_NAME)";
				SWIFT_VERSION = 3.0;
			};
			name = Debug;
		};
		6D4575A41E3DCF46000A2771 /* Release */ = {
			isa = XCBuildConfiguration;
			buildSettings = {
				ASSETCATALOG_COMPILER_APPICON_NAME = AppIcon;
				INFOPLIST_FILE = MyTables/Info.plist;
				IPHONEOS_DEPLOYMENT_TARGET = 10.0;
				LD_RUNPATH_SEARCH_PATHS = "$(inherited) @executable_path/Frameworks";
				PRODUCT_BUNDLE_IDENTIFIER = grootable.MyTables;
				PRODUCT_NAME = "$(TARGET_NAME)";
				SWIFT_VERSION = 3.0;
			};
			name = Release;
		};
/* End XCBuildConfiguration section */

/* Begin XCConfigurationList section */
		6D45758B1E3DCF46000A2771 /* Build configuration list for PBXProject "MyTables" */ = {
			isa = XCConfigurationList;
			buildConfigurations = (
				6D4575A01E3DCF46000A2771 /* Debug */,
				6D4575A11E3DCF46000A2771 /* Release */,
			);
			defaultConfigurationIsVisible = 0;
			defaultConfigurationName = Release;
		};
		6D4575A21E3DCF46000A2771 /* Build configuration list for PBXNativeTarget "MyTables" */ = {
			isa = XCConfigurationList;
			buildConfigurations = (
				6D4575A31E3DCF46000A2771 /* Debug */,
				6D4575A41E3DCF46000A2771 /* Release */,
			);
			defaultConfigurationIsVisible = 0;
			defaultConfigurationName = Release;
		};
/* End XCConfigurationList section */
	};
	rootObject = 6D4575881E3DCF46000A2771 /* Project object */;
}
