// !$*UTF8*$!
{
	archiveVersion = 1;
	classes = {
	};
	objectVersion = 46;
	objects = {

/* Begin PBXBuildFile section */
		06B63B5D1DDCD53700FFF701 /* AppDelegate.swift in Sources */ = {isa = PBXBuildFile; fileRef = 06B63B5C1DDCD53700FFF701 /* AppDelegate.swift */; };
		06B63B5F1DDCD53700FFF701 /* ViewController.swift in Sources */ = {isa = PBXBuildFile; fileRef = 06B63B5E1DDCD53700FFF701 /* ViewController.swift */; };
		06B63B621DDCD53700FFF701 /* Main.storyboard in Resources */ = {isa = PBXBuildFile; fileRef = 06B63B601DDCD53700FFF701 /* Main.storyboard */; };
		06B63B641DDCD53700FFF701 /* Assets.xcassets in Resources */ = {isa = PBXBuildFile; fileRef = 06B63B631DDCD53700FFF701 /* Assets.xcassets */; };
		06B63B671DDCD53700FFF701 /* LaunchScreen.storyboard in Resources */ = {isa = PBXBuildFile; fileRef = 06B63B651DDCD53700FFF701 /* LaunchScreen.storyboard */; };
/* End PBXBuildFile section */

/* Begin PBXFileReference section */
		06B63B591DDCD53700FFF701 /* MiniTasks.app */ = {isa = PBXFileReference; explicitFileType = wrapper.application; includeInIndex = 0; path = MiniTasks.app; sourceTree = BUILT_PRODUCTS_DIR; };
		06B63B5C1DDCD53700FFF701 /* AppDelegate.swift */ = {isa = PBXFileReference; lastKnownFileType = sourcecode.swift; path = AppDelegate.swift; sourceTree = "<group>"; };
		06B63B5E1DDCD53700FFF701 /* ViewController.swift */ = {isa = PBXFileReference; lastKnownFileType = sourcecode.swift; path = ViewController.swift; sourceTree = "<group>"; };
		06B63B611DDCD53700FFF701 /* Base */ = {isa = PBXFileReference; lastKnownFileType = file.storyboard; name = Base; path = Base.lproj/Main.storyboard; sourceTree = "<group>"; };
		06B63B631DDCD53700FFF701 /* Assets.xcassets */ = {isa = PBXFileReference; lastKnownFileType = folder.assetcatalog; path = Assets.xcassets; sourceTree = "<group>"; };
		06B63B661DDCD53700FFF701 /* Base */ = {isa = PBXFileReference; lastKnownFileType = file.storyboard; name = Base; path = Base.lproj/LaunchScreen.storyboard; sourceTree = "<group>"; };
		06B63B681DDCD53700FFF701 /* Info.plist */ = {isa = PBXFileReference; lastKnownFileType = text.plist.xml; path = Info.plist; sourceTree = "<group>"; };
/* End PBXFileReference section */

/* Begin PBXFrameworksBuildPhase section */
		06B63B561DDCD53700FFF701 /* Frameworks */ = {
			isa = PBXFrameworksBuildPhase;
			buildActionMask = 2147483647;
			files = (
			);
			runOnlyForDeploymentPostprocessing = 0;
		};
/* End PBXFrameworksBuildPhase section */

/* Begin PBXGroup section */
		06B63B501DDCD53700FFF701 = {
			isa = PBXGroup;
			children = (
				06B63B5B1DDCD53700FFF701 /* MiniTasks */,
				06B63B5A1DDCD53700FFF701 /* Products */,
			);
			sourceTree = "<group>";
		};
		06B63B5A1DDCD53700FFF701 /* Products */ = {
			isa = PBXGroup;
			children = (
				06B63B591DDCD53700FFF701 /* MiniTasks.app */,
			);
			name = Products;
			sourceTree = "<group>";
		};
		06B63B5B1DDCD53700FFF701 /* MiniTasks */ = {
			isa = PBXGroup;
			children = (
				06B63B5C1DDCD53700FFF701 /* AppDelegate.swift */,
				06B63B5E1DDCD53700FFF701 /* ViewController.swift */,
				06B63B601DDCD53700FFF701 /* Main.storyboard */,
				06B63B631DDCD53700FFF701 /* Assets.xcassets */,
				06B63B651DDCD53700FFF701 /* LaunchScreen.storyboard */,
				06B63B681DDCD53700FFF701 /* Info.plist */,
			);
			path = MiniTasks;
			sourceTree = "<group>";
		};
/* End PBXGroup section */

/* Begin PBXNativeTarget section */
		06B63B581DDCD53700FFF701 /* MiniTasks */ = {
			isa = PBXNativeTarget;
			buildConfigurationList = 06B63B6B1DDCD53700FFF701 /* Build configuration list for PBXNativeTarget "MiniTasks" */;
			buildPhases = (
				06B63B551DDCD53700FFF701 /* Sources */,
				06B63B561DDCD53700FFF701 /* Frameworks */,
				06B63B571DDCD53700FFF701 /* Resources */,
			);
			buildRules = (
			);
			dependencies = (
			);
			name = MiniTasks;
			productName = MiniTasks;
			productReference = 06B63B591DDCD53700FFF701 /* MiniTasks.app */;
			productType = "com.apple.product-type.application";
		};
/* End PBXNativeTarget section */

/* Begin PBXProject section */
		06B63B511DDCD53700FFF701 /* Project object */ = {
			isa = PBXProject;
			attributes = {
				LastSwiftUpdateCheck = 0810;
				LastUpgradeCheck = 0820;
				ORGANIZATIONNAME = hackeru;
				TargetAttributes = {
					06B63B581DDCD53700FFF701 = {
						CreatedOnToolsVersion = 8.1;
						ProvisioningStyle = Automatic;
					};
				};
			};
			buildConfigurationList = 06B63B541DDCD53700FFF701 /* Build configuration list for PBXProject "MiniTasks" */;
			compatibilityVersion = "Xcode 3.2";
			developmentRegion = English;
			hasScannedForEncodings = 0;
			knownRegions = (
				en,
				Base,
			);
			mainGroup = 06B63B501DDCD53700FFF701;
			productRefGroup = 06B63B5A1DDCD53700FFF701 /* Products */;
			projectDirPath = "";
			projectRoot = "";
			targets = (
				06B63B581DDCD53700FFF701 /* MiniTasks */,
			);
		};
/* End PBXProject section */

/* Begin PBXResourcesBuildPhase section */
		06B63B571DDCD53700FFF701 /* Resources */ = {
			isa = PBXResourcesBuildPhase;
			buildActionMask = 2147483647;
			files = (
				06B63B671DDCD53700FFF701 /* LaunchScreen.storyboard in Resources */,
				06B63B641DDCD53700FFF701 /* Assets.xcassets in Resources */,
				06B63B621DDCD53700FFF701 /* Main.storyboard in Resources */,
			);
			runOnlyForDeploymentPostprocessing = 0;
		};
/* End PBXResourcesBuildPhase section */

/* Begin PBXSourcesBuildPhase section */
		06B63B551DDCD53700FFF701 /* Sources */ = {
			isa = PBXSourcesBuildPhase;
			buildActionMask = 2147483647;
			files = (
				06B63B5F1DDCD53700FFF701 /* ViewController.swift in Sources */,
				06B63B5D1DDCD53700FFF701 /* AppDelegate.swift in Sources */,
			);
			runOnlyForDeploymentPostprocessing = 0;
		};
/* End PBXSourcesBuildPhase section */

/* Begin PBXVariantGroup section */
		06B63B601DDCD53700FFF701 /* Main.storyboard */ = {
			isa = PBXVariantGroup;
			children = (
				06B63B611DDCD53700FFF701 /* Base */,
			);
			name = Main.storyboard;
			sourceTree = "<group>";
		};
		06B63B651DDCD53700FFF701 /* LaunchScreen.storyboard */ = {
			isa = PBXVariantGroup;
			children = (
				06B63B661DDCD53700FFF701 /* Base */,
			);
			name = LaunchScreen.storyboard;
			sourceTree = "<group>";
		};
/* End PBXVariantGroup section */

/* Begin XCBuildConfiguration section */
		06B63B691DDCD53700FFF701 /* Debug */ = {
			isa = XCBuildConfiguration;
			buildSettings = {
				ALWAYS_SEARCH_USER_PATHS = NO;
				CLANG_ANALYZER_NONNULL = YES;
				CLANG_CXX_LANGUAGE_STANDARD = "gnu++0x";
				CLANG_CXX_LIBRARY = "libc++";
				CLANG_ENABLE_MODULES = YES;
				CLANG_ENABLE_OBJC_ARC = YES;
				CLANG_WARN_BOOL_CONVERSION = YES;
				CLANG_WARN_CONSTANT_CONVERSION = YES;
				CLANG_WARN_DIRECT_OBJC_ISA_USAGE = YES_ERROR;
				CLANG_WARN_DOCUMENTATION_COMMENTS = YES;
				CLANG_WARN_EMPTY_BODY = YES;
				CLANG_WARN_ENUM_CONVERSION = YES;
				CLANG_WARN_INFINITE_RECURSION = YES;
				CLANG_WARN_INT_CONVERSION = YES;
				CLANG_WARN_OBJC_ROOT_CLASS = YES_ERROR;
				CLANG_WARN_SUSPICIOUS_MOVE = YES;
				CLANG_WARN_SUSPICIOUS_MOVES = YES;
				CLANG_WARN_UNREACHABLE_CODE = YES;
				CLANG_WARN__DUPLICATE_METHOD_MATCH = YES;
				"CODE_SIGN_IDENTITY[sdk=iphoneos*]" = "iPhone Developer";
				COPY_PHASE_STRIP = NO;
				DEBUG_INFORMATION_FORMAT = dwarf;
				ENABLE_STRICT_OBJC_MSGSEND = YES;
				ENABLE_TESTABILITY = YES;
				GCC_C_LANGUAGE_STANDARD = gnu99;
				GCC_DYNAMIC_NO_PIC = NO;
				GCC_NO_COMMON_BLOCKS = YES;
				GCC_OPTIMIZATION_LEVEL = 0;
				GCC_PREPROCESSOR_DEFINITIONS = (
					"DEBUG=1",
					"$(inherited)",
				);
				GCC_WARN_64_TO_32_BIT_CONVERSION = YES;
				GCC_WARN_ABOUT_RETURN_TYPE = YES_ERROR;
				GCC_WARN_UNDECLARED_SELECTOR = YES;
				GCC_WARN_UNINITIALIZED_AUTOS = YES_AGGRESSIVE;
				GCC_WARN_UNUSED_FUNCTION = YES;
				GCC_WARN_UNUSED_VARIABLE = YES;
				IPHONEOS_DEPLOYMENT_TARGET = 10.1;
				MTL_ENABLE_DEBUG_INFO = YES;
				ONLY_ACTIVE_ARCH = YES;
				SDKROOT = iphoneos;
				SWIFT_ACTIVE_COMPILATION_CONDITIONS = DEBUG;
				SWIFT_OPTIMIZATION_LEVEL = "-Onone";
			};
			name = Debug;
		};
		06B63B6A1DDCD53700FFF701 /* Release */ = {
			isa = XCBuildConfiguration;
			buildSettings = {
				ALWAYS_SEARCH_USER_PATHS = NO;
				CLANG_ANALYZER_NONNULL = YES;
				CLANG_CXX_LANGUAGE_STANDARD = "gnu++0x";
				CLANG_CXX_LIBRARY = "libc++";
				CLANG_ENABLE_MODULES = YES;
				CLANG_ENABLE_OBJC_ARC = YES;
				CLANG_WARN_BOOL_CONVERSION = YES;
				CLANG_WARN_CONSTANT_CONVERSION = YES;
				CLANG_WARN_DIRECT_OBJC_ISA_USAGE = YES_ERROR;
				CLANG_WARN_DOCUMENTATION_COMMENTS = YES;
				CLANG_WARN_EMPTY_BODY = YES;
				CLANG_WARN_ENUM_CONVERSION = YES;
				CLANG_WARN_INFINITE_RECURSION = YES;
				CLANG_WARN_INT_CONVERSION = YES;
				CLANG_WARN_OBJC_ROOT_CLASS = YES_ERROR;
				CLANG_WARN_SUSPICIOUS_MOVE = YES;
				CLANG_WARN_SUSPICIOUS_MOVES = YES;
				CLANG_WARN_UNREACHABLE_CODE = YES;
				CLANG_WARN__DUPLICATE_METHOD_MATCH = YES;
				"CODE_SIGN_IDENTITY[sdk=iphoneos*]" = "iPhone Developer";
				COPY_PHASE_STRIP = NO;
				DEBUG_INFORMATION_FORMAT = "dwarf-with-dsym";
				ENABLE_NS_ASSERTIONS = NO;
				ENABLE_STRICT_OBJC_MSGSEND = YES;
				GCC_C_LANGUAGE_STANDARD = gnu99;
				GCC_NO_COMMON_BLOCKS = YES;
				GCC_WARN_64_TO_32_BIT_CONVERSION = YES;
				GCC_WARN_ABOUT_RETURN_TYPE = YES_ERROR;
				GCC_WARN_UNDECLARED_SELECTOR = YES;
				GCC_WARN_UNINITIALIZED_AUTOS = YES_AGGRESSIVE;
				GCC_WARN_UNUSED_FUNCTION = YES;
				GCC_WARN_UNUSED_VARIABLE = YES;
				IPHONEOS_DEPLOYMENT_TARGET = 10.1;
				MTL_ENABLE_DEBUG_INFO = NO;
				SDKROOT = iphoneos;
				SWIFT_OPTIMIZATION_LEVEL = "-Owholemodule";
				VALIDATE_PRODUCT = YES;
			};
			name = Release;
		};
		06B63B6C1DDCD53700FFF701 /* Debug */ = {
			isa = XCBuildConfiguration;
			buildSettings = {
				ASSETCATALOG_COMPILER_APPICON_NAME = AppIcon;
				INFOPLIST_FILE = MiniTasks/Info.plist;
				IPHONEOS_DEPLOYMENT_TARGET = 10.0;
				LD_RUNPATH_SEARCH_PATHS = "$(inherited) @executable_path/Frameworks";
				PRODUCT_BUNDLE_IDENTIFIER = swiftelopers.MiniTasks;
				PRODUCT_NAME = "$(TARGET_NAME)";
				SWIFT_VERSION = 3.0;
			};
			name = Debug;
		};
		06B63B6D1DDCD53700FFF701 /* Release */ = {
			isa = XCBuildConfiguration;
			buildSettings = {
				ASSETCATALOG_COMPILER_APPICON_NAME = AppIcon;
				INFOPLIST_FILE = MiniTasks/Info.plist;
				IPHONEOS_DEPLOYMENT_TARGET = 10.0;
				LD_RUNPATH_SEARCH_PATHS = "$(inherited) @executable_path/Frameworks";
				PRODUCT_BUNDLE_IDENTIFIER = swiftelopers.MiniTasks;
				PRODUCT_NAME = "$(TARGET_NAME)";
				SWIFT_VERSION = 3.0;
			};
			name = Release;
		};
/* End XCBuildConfiguration section */

/* Begin XCConfigurationList section */
		06B63B541DDCD53700FFF701 /* Build configuration list for PBXProject "MiniTasks" */ = {
			isa = XCConfigurationList;
			buildConfigurations = (
				06B63B691DDCD53700FFF701 /* Debug */,
				06B63B6A1DDCD53700FFF701 /* Release */,
			);
			defaultConfigurationIsVisible = 0;
			defaultConfigurationName = Release;
		};
		06B63B6B1DDCD53700FFF701 /* Build configuration list for PBXNativeTarget "MiniTasks" */ = {
			isa = XCConfigurationList;
			buildConfigurations = (
				06B63B6C1DDCD53700FFF701 /* Debug */,
				06B63B6D1DDCD53700FFF701 /* Release */,
			);
			defaultConfigurationIsVisible = 0;
			defaultConfigurationName = Release;
		};
/* End XCConfigurationList section */
	};
	rootObject = 06B63B511DDCD53700FFF701 /* Project object */;
}
