// !$*UTF8*$!
{
	archiveVersion = 1;
	classes = {
	};
	objectVersion = 46;
	objects = {

/* Begin PBXBuildFile section */
		6D42787A1E66EC2A002E04B6 /* AppDelegate.swift in Sources */ = {isa = PBXBuildFile; fileRef = 6D4278791E66EC2A002E04B6 /* AppDelegate.swift */; };
		6D42787C1E66EC2A002E04B6 /* ViewController.swift in Sources */ = {isa = PBXBuildFile; fileRef = 6D42787B1E66EC2A002E04B6 /* ViewController.swift */; };
		6D42787F1E66EC2A002E04B6 /* Main.storyboard in Resources */ = {isa = PBXBuildFile; fileRef = 6D42787D1E66EC2A002E04B6 /* Main.storyboard */; };
		6D4278811E66EC2A002E04B6 /* Assets.xcassets in Resources */ = {isa = PBXBuildFile; fileRef = 6D4278801E66EC2A002E04B6 /* Assets.xcassets */; };
		6D4278841E66EC2A002E04B6 /* LaunchScreen.storyboard in Resources */ = {isa = PBXBuildFile; fileRef = 6D4278821E66EC2A002E04B6 /* LaunchScreen.storyboard */; };
		6D42788D1E66F301002E04B6 /* my.html in Resources */ = {isa = PBXBuildFile; fileRef = 6D42788C1E66F301002E04B6 /* my.html */; };
		6D42788F1E66F312002E04B6 /* my.css in Resources */ = {isa = PBXBuildFile; fileRef = 6D42788E1E66F312002E04B6 /* my.css */; };
		6D4278911E66F324002E04B6 /* my.js in Resources */ = {isa = PBXBuildFile; fileRef = 6D4278901E66F324002E04B6 /* my.js */; };
/* End PBXBuildFile section */

/* Begin PBXFileReference section */
		6D4278761E66EC2A002E04B6 /* MyWebView.app */ = {isa = PBXFileReference; explicitFileType = wrapper.application; includeInIndex = 0; path = MyWebView.app; sourceTree = BUILT_PRODUCTS_DIR; };
		6D4278791E66EC2A002E04B6 /* AppDelegate.swift */ = {isa = PBXFileReference; lastKnownFileType = sourcecode.swift; path = AppDelegate.swift; sourceTree = "<group>"; };
		6D42787B1E66EC2A002E04B6 /* ViewController.swift */ = {isa = PBXFileReference; lastKnownFileType = sourcecode.swift; path = ViewController.swift; sourceTree = "<group>"; };
		6D42787E1E66EC2A002E04B6 /* Base */ = {isa = PBXFileReference; lastKnownFileType = file.storyboard; name = Base; path = Base.lproj/Main.storyboard; sourceTree = "<group>"; };
		6D4278801E66EC2A002E04B6 /* Assets.xcassets */ = {isa = PBXFileReference; lastKnownFileType = folder.assetcatalog; path = Assets.xcassets; sourceTree = "<group>"; };
		6D4278831E66EC2A002E04B6 /* Base */ = {isa = PBXFileReference; lastKnownFileType = file.storyboard; name = Base; path = Base.lproj/LaunchScreen.storyboard; sourceTree = "<group>"; };
		6D4278851E66EC2A002E04B6 /* Info.plist */ = {isa = PBXFileReference; lastKnownFileType = text.plist.xml; path = Info.plist; sourceTree = "<group>"; };
		6D42788C1E66F301002E04B6 /* my.html */ = {isa = PBXFileReference; fileEncoding = 4; lastKnownFileType = text.html; path = my.html; sourceTree = "<group>"; };
		6D42788E1E66F312002E04B6 /* my.css */ = {isa = PBXFileReference; fileEncoding = 4; lastKnownFileType = text.css; path = my.css; sourceTree = "<group>"; };
		6D4278901E66F324002E04B6 /* my.js */ = {isa = PBXFileReference; fileEncoding = 4; lastKnownFileType = sourcecode.javascript; path = my.js; sourceTree = "<group>"; };
/* End PBXFileReference section */

/* Begin PBXFrameworksBuildPhase section */
		6D4278731E66EC2A002E04B6 /* Frameworks */ = {
			isa = PBXFrameworksBuildPhase;
			buildActionMask = 2147483647;
			files = (
			);
			runOnlyForDeploymentPostprocessing = 0;
		};
/* End PBXFrameworksBuildPhase section */

/* Begin PBXGroup section */
		6D42786D1E66EC2A002E04B6 = {
			isa = PBXGroup;
			children = (
				6D4278781E66EC2A002E04B6 /* MyWebView */,
				6D4278771E66EC2A002E04B6 /* Products */,
			);
			sourceTree = "<group>";
		};
		6D4278771E66EC2A002E04B6 /* Products */ = {
			isa = PBXGroup;
			children = (
				6D4278761E66EC2A002E04B6 /* MyWebView.app */,
			);
			name = Products;
			sourceTree = "<group>";
		};
		6D4278781E66EC2A002E04B6 /* MyWebView */ = {
			isa = PBXGroup;
			children = (
				6D42788B1E66F28A002E04B6 /* files */,
				6D4278791E66EC2A002E04B6 /* AppDelegate.swift */,
				6D42787B1E66EC2A002E04B6 /* ViewController.swift */,
				6D42787D1E66EC2A002E04B6 /* Main.storyboard */,
				6D4278801E66EC2A002E04B6 /* Assets.xcassets */,
				6D4278821E66EC2A002E04B6 /* LaunchScreen.storyboard */,
				6D4278851E66EC2A002E04B6 /* Info.plist */,
			);
			path = MyWebView;
			sourceTree = "<group>";
		};
		6D42788B1E66F28A002E04B6 /* files */ = {
			isa = PBXGroup;
			children = (
				6D42788C1E66F301002E04B6 /* my.html */,
				6D42788E1E66F312002E04B6 /* my.css */,
				6D4278901E66F324002E04B6 /* my.js */,
			);
			name = files;
			sourceTree = "<group>";
		};
/* End PBXGroup section */

/* Begin PBXNativeTarget section */
		6D4278751E66EC2A002E04B6 /* MyWebView */ = {
			isa = PBXNativeTarget;
			buildConfigurationList = 6D4278881E66EC2A002E04B6 /* Build configuration list for PBXNativeTarget "MyWebView" */;
			buildPhases = (
				6D4278721E66EC2A002E04B6 /* Sources */,
				6D4278731E66EC2A002E04B6 /* Frameworks */,
				6D4278741E66EC2A002E04B6 /* Resources */,
			);
			buildRules = (
			);
			dependencies = (
			);
			name = MyWebView;
			productName = MyWebView;
			productReference = 6D4278761E66EC2A002E04B6 /* MyWebView.app */;
			productType = "com.apple.product-type.application";
		};
/* End PBXNativeTarget section */

/* Begin PBXProject section */
		6D42786E1E66EC2A002E04B6 /* Project object */ = {
			isa = PBXProject;
			attributes = {
				LastSwiftUpdateCheck = 0820;
				LastUpgradeCheck = 0820;
				ORGANIZATIONNAME = hackeru;
				TargetAttributes = {
					6D4278751E66EC2A002E04B6 = {
						CreatedOnToolsVersion = 8.2.1;
						ProvisioningStyle = Automatic;
					};
				};
			};
			buildConfigurationList = 6D4278711E66EC2A002E04B6 /* Build configuration list for PBXProject "MyWebView" */;
			compatibilityVersion = "Xcode 3.2";
			developmentRegion = English;
			hasScannedForEncodings = 0;
			knownRegions = (
				en,
				Base,
			);
			mainGroup = 6D42786D1E66EC2A002E04B6;
			productRefGroup = 6D4278771E66EC2A002E04B6 /* Products */;
			projectDirPath = "";
			projectRoot = "";
			targets = (
				6D4278751E66EC2A002E04B6 /* MyWebView */,
			);
		};
/* End PBXProject section */

/* Begin PBXResourcesBuildPhase section */
		6D4278741E66EC2A002E04B6 /* Resources */ = {
			isa = PBXResourcesBuildPhase;
			buildActionMask = 2147483647;
			files = (
				6D4278911E66F324002E04B6 /* my.js in Resources */,
				6D42788F1E66F312002E04B6 /* my.css in Resources */,
				6D42788D1E66F301002E04B6 /* my.html in Resources */,
				6D4278841E66EC2A002E04B6 /* LaunchScreen.storyboard in Resources */,
				6D4278811E66EC2A002E04B6 /* Assets.xcassets in Resources */,
				6D42787F1E66EC2A002E04B6 /* Main.storyboard in Resources */,
			);
			runOnlyForDeploymentPostprocessing = 0;
		};
/* End PBXResourcesBuildPhase section */

/* Begin PBXSourcesBuildPhase section */
		6D4278721E66EC2A002E04B6 /* Sources */ = {
			isa = PBXSourcesBuildPhase;
			buildActionMask = 2147483647;
			files = (
				6D42787C1E66EC2A002E04B6 /* ViewController.swift in Sources */,
				6D42787A1E66EC2A002E04B6 /* AppDelegate.swift in Sources */,
			);
			runOnlyForDeploymentPostprocessing = 0;
		};
/* End PBXSourcesBuildPhase section */

/* Begin PBXVariantGroup section */
		6D42787D1E66EC2A002E04B6 /* Main.storyboard */ = {
			isa = PBXVariantGroup;
			children = (
				6D42787E1E66EC2A002E04B6 /* Base */,
			);
			name = Main.storyboard;
			sourceTree = "<group>";
		};
		6D4278821E66EC2A002E04B6 /* LaunchScreen.storyboard */ = {
			isa = PBXVariantGroup;
			children = (
				6D4278831E66EC2A002E04B6 /* Base */,
			);
			name = LaunchScreen.storyboard;
			sourceTree = "<group>";
		};
/* End PBXVariantGroup section */

/* Begin XCBuildConfiguration section */
		6D4278861E66EC2A002E04B6 /* Debug */ = {
			isa = XCBuildConfiguration;
			buildSettings = {
				ALWAYS_SEARCH_USER_PATHS = NO;
				CLANG_ANALYZER_NONNULL = YES;
				CLANG_CXX_LANGUAGE_STANDARD = "gnu++0x";
				CLANG_CXX_LIBRARY = "libc++";
				CLANG_ENABLE_MODULES = YES;
				CLANG_ENABLE_OBJC_ARC = YES;
				CLANG_WARN_BOOL_CONVERSION = YES;
				CLANG_WARN_CONSTANT_CONVERSION = YES;
				CLANG_WARN_DIRECT_OBJC_ISA_USAGE = YES_ERROR;
				CLANG_WARN_DOCUMENTATION_COMMENTS = YES;
				CLANG_WARN_EMPTY_BODY = YES;
				CLANG_WARN_ENUM_CONVERSION = YES;
				CLANG_WARN_INFINITE_RECURSION = YES;
				CLANG_WARN_INT_CONVERSION = YES;
				CLANG_WARN_OBJC_ROOT_CLASS = YES_ERROR;
				CLANG_WARN_SUSPICIOUS_MOVE = YES;
				CLANG_WARN_UNREACHABLE_CODE = YES;
				CLANG_WARN__DUPLICATE_METHOD_MATCH = YES;
				"CODE_SIGN_IDENTITY[sdk=iphoneos*]" = "iPhone Developer";
				COPY_PHASE_STRIP = NO;
				DEBUG_INFORMATION_FORMAT = dwarf;
				ENABLE_STRICT_OBJC_MSGSEND = YES;
				ENABLE_TESTABILITY = YES;
				GCC_C_LANGUAGE_STANDARD = gnu99;
				GCC_DYNAMIC_NO_PIC = NO;
				GCC_NO_COMMON_BLOCKS = YES;
				GCC_OPTIMIZATION_LEVEL = 0;
				GCC_PREPROCESSOR_DEFINITIONS = (
					"DEBUG=1",
					"$(inherited)",
				);
				GCC_WARN_64_TO_32_BIT_CONVERSION = YES;
				GCC_WARN_ABOUT_RETURN_TYPE = YES_ERROR;
				GCC_WARN_UNDECLARED_SELECTOR = YES;
				GCC_WARN_UNINITIALIZED_AUTOS = YES_AGGRESSIVE;
				GCC_WARN_UNUSED_FUNCTION = YES;
				GCC_WARN_UNUSED_VARIABLE = YES;
				IPHONEOS_DEPLOYMENT_TARGET = 10.2;
				MTL_ENABLE_DEBUG_INFO = YES;
				ONLY_ACTIVE_ARCH = YES;
				SDKROOT = iphoneos;
				SWIFT_ACTIVE_COMPILATION_CONDITIONS = DEBUG;
				SWIFT_OPTIMIZATION_LEVEL = "-Onone";
			};
			name = Debug;
		};
		6D4278871E66EC2A002E04B6 /* Release */ = {
			isa = XCBuildConfiguration;
			buildSettings = {
				ALWAYS_SEARCH_USER_PATHS = NO;
				CLANG_ANALYZER_NONNULL = YES;
				CLANG_CXX_LANGUAGE_STANDARD = "gnu++0x";
				CLANG_CXX_LIBRARY = "libc++";
				CLANG_ENABLE_MODULES = YES;
				CLANG_ENABLE_OBJC_ARC = YES;
				CLANG_WARN_BOOL_CONVERSION = YES;
				CLANG_WARN_CONSTANT_CONVERSION = YES;
				CLANG_WARN_DIRECT_OBJC_ISA_USAGE = YES_ERROR;
				CLANG_WARN_DOCUMENTATION_COMMENTS = YES;
				CLANG_WARN_EMPTY_BODY = YES;
				CLANG_WARN_ENUM_CONVERSION = YES;
				CLANG_WARN_INFINITE_RECURSION = YES;
				CLANG_WARN_INT_CONVERSION = YES;
				CLANG_WARN_OBJC_ROOT_CLASS = YES_ERROR;
				CLANG_WARN_SUSPICIOUS_MOVE = YES;
				CLANG_WARN_UNREACHABLE_CODE = YES;
				CLANG_WARN__DUPLICATE_METHOD_MATCH = YES;
				"CODE_SIGN_IDENTITY[sdk=iphoneos*]" = "iPhone Developer";
				COPY_PHASE_STRIP = NO;
				DEBUG_INFORMATION_FORMAT = "dwarf-with-dsym";
				ENABLE_NS_ASSERTIONS = NO;
				ENABLE_STRICT_OBJC_MSGSEND = YES;
				GCC_C_LANGUAGE_STANDARD = gnu99;
				GCC_NO_COMMON_BLOCKS = YES;
				GCC_WARN_64_TO_32_BIT_CONVERSION = YES;
				GCC_WARN_ABOUT_RETURN_TYPE = YES_ERROR;
				GCC_WARN_UNDECLARED_SELECTOR = YES;
				GCC_WARN_UNINITIALIZED_AUTOS = YES_AGGRESSIVE;
				GCC_WARN_UNUSED_FUNCTION = YES;
				GCC_WARN_UNUSED_VARIABLE = YES;
				IPHONEOS_DEPLOYMENT_TARGET = 10.2;
				MTL_ENABLE_DEBUG_INFO = NO;
				SDKROOT = iphoneos;
				SWIFT_OPTIMIZATION_LEVEL = "-Owholemodule";
				VALIDATE_PRODUCT = YES;
			};
			name = Release;
		};
		6D4278891E66EC2A002E04B6 /* Debug */ = {
			isa = XCBuildConfiguration;
			buildSettings = {
				ASSETCATALOG_COMPILER_APPICON_NAME = AppIcon;
				INFOPLIST_FILE = MyWebView/Info.plist;
				LD_RUNPATH_SEARCH_PATHS = "$(inherited) @executable_path/Frameworks";
				PRODUCT_BUNDLE_IDENTIFIER = grootable.MyWebView;
				PRODUCT_NAME = "$(TARGET_NAME)";
				SWIFT_VERSION = 3.0;
			};
			name = Debug;
		};
		6D42788A1E66EC2A002E04B6 /* Release */ = {
			isa = XCBuildConfiguration;
			buildSettings = {
				ASSETCATALOG_COMPILER_APPICON_NAME = AppIcon;
				INFOPLIST_FILE = MyWebView/Info.plist;
				LD_RUNPATH_SEARCH_PATHS = "$(inherited) @executable_path/Frameworks";
				PRODUCT_BUNDLE_IDENTIFIER = grootable.MyWebView;
				PRODUCT_NAME = "$(TARGET_NAME)";
				SWIFT_VERSION = 3.0;
			};
			name = Release;
		};
/* End XCBuildConfiguration section */

/* Begin XCConfigurationList section */
		6D4278711E66EC2A002E04B6 /* Build configuration list for PBXProject "MyWebView" */ = {
			isa = XCConfigurationList;
			buildConfigurations = (
				6D4278861E66EC2A002E04B6 /* Debug */,
				6D4278871E66EC2A002E04B6 /* Release */,
			);
			defaultConfigurationIsVisible = 0;
			defaultConfigurationName = Release;
		};
		6D4278881E66EC2A002E04B6 /* Build configuration list for PBXNativeTarget "MyWebView" */ = {
			isa = XCConfigurationList;
			buildConfigurations = (
				6D4278891E66EC2A002E04B6 /* Debug */,
				6D42788A1E66EC2A002E04B6 /* Release */,
			);
			defaultConfigurationIsVisible = 0;
		};
/* End XCConfigurationList section */
	};
	rootObject = 6D42786E1E66EC2A002E04B6 /* Project object */;
}
