// !$*UTF8*$!
{
	archiveVersion = 1;
	classes = {
	};
	objectVersion = 46;
	objects = {

/* Begin PBXBuildFile section */
		06FA82271DD37A5900942740 /* AppDelegate.swift in Sources */ = {isa = PBXBuildFile; fileRef = 06FA82261DD37A5900942740 /* AppDelegate.swift */; };
		06FA82291DD37A5900942740 /* ViewController.swift in Sources */ = {isa = PBXBuildFile; fileRef = 06FA82281DD37A5900942740 /* ViewController.swift */; };
		06FA822C1DD37A5900942740 /* Main.storyboard in Resources */ = {isa = PBXBuildFile; fileRef = 06FA822A1DD37A5900942740 /* Main.storyboard */; };
		06FA822E1DD37A5900942740 /* Assets.xcassets in Resources */ = {isa = PBXBuildFile; fileRef = 06FA822D1DD37A5900942740 /* Assets.xcassets */; };
		06FA82311DD37A5900942740 /* LaunchScreen.storyboard in Resources */ = {isa = PBXBuildFile; fileRef = 06FA822F1DD37A5900942740 /* LaunchScreen.storyboard */; };
		06FA82391DD37AA800942740 /* sweets.plist in Resources */ = {isa = PBXBuildFile; fileRef = 06FA82381DD37AA800942740 /* sweets.plist */; };
/* End PBXBuildFile section */

/* Begin PBXFileReference section */
		06FA82231DD37A5900942740 /* MyFilterData.app */ = {isa = PBXFileReference; explicitFileType = wrapper.application; includeInIndex = 0; path = MyFilterData.app; sourceTree = BUILT_PRODUCTS_DIR; };
		06FA82261DD37A5900942740 /* AppDelegate.swift */ = {isa = PBXFileReference; lastKnownFileType = sourcecode.swift; path = AppDelegate.swift; sourceTree = "<group>"; };
		06FA82281DD37A5900942740 /* ViewController.swift */ = {isa = PBXFileReference; lastKnownFileType = sourcecode.swift; path = ViewController.swift; sourceTree = "<group>"; };
		06FA822B1DD37A5900942740 /* Base */ = {isa = PBXFileReference; lastKnownFileType = file.storyboard; name = Base; path = Base.lproj/Main.storyboard; sourceTree = "<group>"; };
		06FA822D1DD37A5900942740 /* Assets.xcassets */ = {isa = PBXFileReference; lastKnownFileType = folder.assetcatalog; path = Assets.xcassets; sourceTree = "<group>"; };
		06FA82301DD37A5900942740 /* Base */ = {isa = PBXFileReference; lastKnownFileType = file.storyboard; name = Base; path = Base.lproj/LaunchScreen.storyboard; sourceTree = "<group>"; };
		06FA82321DD37A5900942740 /* Info.plist */ = {isa = PBXFileReference; lastKnownFileType = text.plist.xml; path = Info.plist; sourceTree = "<group>"; };
		06FA82381DD37AA800942740 /* sweets.plist */ = {isa = PBXFileReference; fileEncoding = 4; lastKnownFileType = text.plist.xml; path = sweets.plist; sourceTree = "<group>"; };
/* End PBXFileReference section */

/* Begin PBXFrameworksBuildPhase section */
		06FA82201DD37A5900942740 /* Frameworks */ = {
			isa = PBXFrameworksBuildPhase;
			buildActionMask = 2147483647;
			files = (
			);
			runOnlyForDeploymentPostprocessing = 0;
		};
/* End PBXFrameworksBuildPhase section */

/* Begin PBXGroup section */
		06FA821A1DD37A5900942740 = {
			isa = PBXGroup;
			children = (
				06FA82251DD37A5900942740 /* MyFilterData */,
				06FA82241DD37A5900942740 /* Products */,
			);
			sourceTree = "<group>";
		};
		06FA82241DD37A5900942740 /* Products */ = {
			isa = PBXGroup;
			children = (
				06FA82231DD37A5900942740 /* MyFilterData.app */,
			);
			name = Products;
			sourceTree = "<group>";
		};
		06FA82251DD37A5900942740 /* MyFilterData */ = {
			isa = PBXGroup;
			children = (
				06FA82261DD37A5900942740 /* AppDelegate.swift */,
				06FA82281DD37A5900942740 /* ViewController.swift */,
				06FA822A1DD37A5900942740 /* Main.storyboard */,
				06FA822D1DD37A5900942740 /* Assets.xcassets */,
				06FA822F1DD37A5900942740 /* LaunchScreen.storyboard */,
				06FA82381DD37AA800942740 /* sweets.plist */,
				06FA82321DD37A5900942740 /* Info.plist */,
			);
			path = MyFilterData;
			sourceTree = "<group>";
		};
/* End PBXGroup section */

/* Begin PBXNativeTarget section */
		06FA82221DD37A5900942740 /* MyFilterData */ = {
			isa = PBXNativeTarget;
			buildConfigurationList = 06FA82351DD37A5900942740 /* Build configuration list for PBXNativeTarget "MyFilterData" */;
			buildPhases = (
				06FA821F1DD37A5900942740 /* Sources */,
				06FA82201DD37A5900942740 /* Frameworks */,
				06FA82211DD37A5900942740 /* Resources */,
			);
			buildRules = (
			);
			dependencies = (
			);
			name = MyFilterData;
			productName = MyFilterData;
			productReference = 06FA82231DD37A5900942740 /* MyFilterData.app */;
			productType = "com.apple.product-type.application";
		};
/* End PBXNativeTarget section */

/* Begin PBXProject section */
		06FA821B1DD37A5900942740 /* Project object */ = {
			isa = PBXProject;
			attributes = {
				LastSwiftUpdateCheck = 0810;
				LastUpgradeCheck = 0810;
				ORGANIZATIONNAME = hackeru;
				TargetAttributes = {
					06FA82221DD37A5900942740 = {
						CreatedOnToolsVersion = 8.1;
						ProvisioningStyle = Automatic;
					};
				};
			};
			buildConfigurationList = 06FA821E1DD37A5900942740 /* Build configuration list for PBXProject "MyFilterData" */;
			compatibilityVersion = "Xcode 3.2";
			developmentRegion = English;
			hasScannedForEncodings = 0;
			knownRegions = (
				en,
				Base,
			);
			mainGroup = 06FA821A1DD37A5900942740;
			productRefGroup = 06FA82241DD37A5900942740 /* Products */;
			projectDirPath = "";
			projectRoot = "";
			targets = (
				06FA82221DD37A5900942740 /* MyFilterData */,
			);
		};
/* End PBXProject section */

/* Begin PBXResourcesBuildPhase section */
		06FA82211DD37A5900942740 /* Resources */ = {
			isa = PBXResourcesBuildPhase;
			buildActionMask = 2147483647;
			files = (
				06FA82311DD37A5900942740 /* LaunchScreen.storyboard in Resources */,
				06FA82391DD37AA800942740 /* sweets.plist in Resources */,
				06FA822E1DD37A5900942740 /* Assets.xcassets in Resources */,
				06FA822C1DD37A5900942740 /* Main.storyboard in Resources */,
			);
			runOnlyForDeploymentPostprocessing = 0;
		};
/* End PBXResourcesBuildPhase section */

/* Begin PBXSourcesBuildPhase section */
		06FA821F1DD37A5900942740 /* Sources */ = {
			isa = PBXSourcesBuildPhase;
			buildActionMask = 2147483647;
			files = (
				06FA82291DD37A5900942740 /* ViewController.swift in Sources */,
				06FA82271DD37A5900942740 /* AppDelegate.swift in Sources */,
			);
			runOnlyForDeploymentPostprocessing = 0;
		};
/* End PBXSourcesBuildPhase section */

/* Begin PBXVariantGroup section */
		06FA822A1DD37A5900942740 /* Main.storyboard */ = {
			isa = PBXVariantGroup;
			children = (
				06FA822B1DD37A5900942740 /* Base */,
			);
			name = Main.storyboard;
			sourceTree = "<group>";
		};
		06FA822F1DD37A5900942740 /* LaunchScreen.storyboard */ = {
			isa = PBXVariantGroup;
			children = (
				06FA82301DD37A5900942740 /* Base */,
			);
			name = LaunchScreen.storyboard;
			sourceTree = "<group>";
		};
/* End PBXVariantGroup section */

/* Begin XCBuildConfiguration section */
		06FA82331DD37A5900942740 /* Debug */ = {
			isa = XCBuildConfiguration;
			buildSettings = {
				ALWAYS_SEARCH_USER_PATHS = NO;
				CLANG_ANALYZER_NONNULL = YES;
				CLANG_CXX_LANGUAGE_STANDARD = "gnu++0x";
				CLANG_CXX_LIBRARY = "libc++";
				CLANG_ENABLE_MODULES = YES;
				CLANG_ENABLE_OBJC_ARC = YES;
				CLANG_WARN_BOOL_CONVERSION = YES;
				CLANG_WARN_CONSTANT_CONVERSION = YES;
				CLANG_WARN_DIRECT_OBJC_ISA_USAGE = YES_ERROR;
				CLANG_WARN_DOCUMENTATION_COMMENTS = YES;
				CLANG_WARN_EMPTY_BODY = YES;
				CLANG_WARN_ENUM_CONVERSION = YES;
				CLANG_WARN_INFINITE_RECURSION = YES;
				CLANG_WARN_INT_CONVERSION = YES;
				CLANG_WARN_OBJC_ROOT_CLASS = YES_ERROR;
				CLANG_WARN_SUSPICIOUS_MOVES = YES;
				CLANG_WARN_UNREACHABLE_CODE = YES;
				CLANG_WARN__DUPLICATE_METHOD_MATCH = YES;
				"CODE_SIGN_IDENTITY[sdk=iphoneos*]" = "iPhone Developer";
				COPY_PHASE_STRIP = NO;
				DEBUG_INFORMATION_FORMAT = dwarf;
				ENABLE_STRICT_OBJC_MSGSEND = YES;
				ENABLE_TESTABILITY = YES;
				GCC_C_LANGUAGE_STANDARD = gnu99;
				GCC_DYNAMIC_NO_PIC = NO;
				GCC_NO_COMMON_BLOCKS = YES;
				GCC_OPTIMIZATION_LEVEL = 0;
				GCC_PREPROCESSOR_DEFINITIONS = (
					"DEBUG=1",
					"$(inherited)",
				);
				GCC_WARN_64_TO_32_BIT_CONVERSION = YES;
				GCC_WARN_ABOUT_RETURN_TYPE = YES_ERROR;
				GCC_WARN_UNDECLARED_SELECTOR = YES;
				GCC_WARN_UNINITIALIZED_AUTOS = YES_AGGRESSIVE;
				GCC_WARN_UNUSED_FUNCTION = YES;
				GCC_WARN_UNUSED_VARIABLE = YES;
				IPHONEOS_DEPLOYMENT_TARGET = 10.1;
				MTL_ENABLE_DEBUG_INFO = YES;
				ONLY_ACTIVE_ARCH = YES;
				SDKROOT = iphoneos;
				SWIFT_ACTIVE_COMPILATION_CONDITIONS = DEBUG;
				SWIFT_OPTIMIZATION_LEVEL = "-Onone";
			};
			name = Debug;
		};
		06FA82341DD37A5900942740 /* Release */ = {
			isa = XCBuildConfiguration;
			buildSettings = {
				ALWAYS_SEARCH_USER_PATHS = NO;
				CLANG_ANALYZER_NONNULL = YES;
				CLANG_CXX_LANGUAGE_STANDARD = "gnu++0x";
				CLANG_CXX_LIBRARY = "libc++";
				CLANG_ENABLE_MODULES = YES;
				CLANG_ENABLE_OBJC_ARC = YES;
				CLANG_WARN_BOOL_CONVERSION = YES;
				CLANG_WARN_CONSTANT_CONVERSION = YES;
				CLANG_WARN_DIRECT_OBJC_ISA_USAGE = YES_ERROR;
				CLANG_WARN_DOCUMENTATION_COMMENTS = YES;
				CLANG_WARN_EMPTY_BODY = YES;
				CLANG_WARN_ENUM_CONVERSION = YES;
				CLANG_WARN_INFINITE_RECURSION = YES;
				CLANG_WARN_INT_CONVERSION = YES;
				CLANG_WARN_OBJC_ROOT_CLASS = YES_ERROR;
				CLANG_WARN_SUSPICIOUS_MOVES = YES;
				CLANG_WARN_UNREACHABLE_CODE = YES;
				CLANG_WARN__DUPLICATE_METHOD_MATCH = YES;
				"CODE_SIGN_IDENTITY[sdk=iphoneos*]" = "iPhone Developer";
				COPY_PHASE_STRIP = NO;
				DEBUG_INFORMATION_FORMAT = "dwarf-with-dsym";
				ENABLE_NS_ASSERTIONS = NO;
				ENABLE_STRICT_OBJC_MSGSEND = YES;
				GCC_C_LANGUAGE_STANDARD = gnu99;
				GCC_NO_COMMON_BLOCKS = YES;
				GCC_WARN_64_TO_32_BIT_CONVERSION = YES;
				GCC_WARN_ABOUT_RETURN_TYPE = YES_ERROR;
				GCC_WARN_UNDECLARED_SELECTOR = YES;
				GCC_WARN_UNINITIALIZED_AUTOS = YES_AGGRESSIVE;
				GCC_WARN_UNUSED_FUNCTION = YES;
				GCC_WARN_UNUSED_VARIABLE = YES;
				IPHONEOS_DEPLOYMENT_TARGET = 10.1;
				MTL_ENABLE_DEBUG_INFO = NO;
				SDKROOT = iphoneos;
				SWIFT_OPTIMIZATION_LEVEL = "-Owholemodule";
				VALIDATE_PRODUCT = YES;
			};
			name = Release;
		};
		06FA82361DD37A5900942740 /* Debug */ = {
			isa = XCBuildConfiguration;
			buildSettings = {
				ASSETCATALOG_COMPILER_APPICON_NAME = AppIcon;
				INFOPLIST_FILE = MyFilterData/Info.plist;
				IPHONEOS_DEPLOYMENT_TARGET = 10.0;
				LD_RUNPATH_SEARCH_PATHS = "$(inherited) @executable_path/Frameworks";
				PRODUCT_BUNDLE_IDENTIFIER = swiftelopers.MyFilterData;
				PRODUCT_NAME = "$(TARGET_NAME)";
				SWIFT_VERSION = 3.0;
			};
			name = Debug;
		};
		06FA82371DD37A5900942740 /* Release */ = {
			isa = XCBuildConfiguration;
			buildSettings = {
				ASSETCATALOG_COMPILER_APPICON_NAME = AppIcon;
				INFOPLIST_FILE = MyFilterData/Info.plist;
				IPHONEOS_DEPLOYMENT_TARGET = 10.0;
				LD_RUNPATH_SEARCH_PATHS = "$(inherited) @executable_path/Frameworks";
				PRODUCT_BUNDLE_IDENTIFIER = swiftelopers.MyFilterData;
				PRODUCT_NAME = "$(TARGET_NAME)";
				SWIFT_VERSION = 3.0;
			};
			name = Release;
		};
/* End XCBuildConfiguration section */

/* Begin XCConfigurationList section */
		06FA821E1DD37A5900942740 /* Build configuration list for PBXProject "MyFilterData" */ = {
			isa = XCConfigurationList;
			buildConfigurations = (
				06FA82331DD37A5900942740 /* Debug */,
				06FA82341DD37A5900942740 /* Release */,
			);
			defaultConfigurationIsVisible = 0;
			defaultConfigurationName = Release;
		};
		06FA82351DD37A5900942740 /* Build configuration list for PBXNativeTarget "MyFilterData" */ = {
			isa = XCConfigurationList;
			buildConfigurations = (
				06FA82361DD37A5900942740 /* Debug */,
				06FA82371DD37A5900942740 /* Release */,
			);
			defaultConfigurationIsVisible = 0;
		};
/* End XCConfigurationList section */
	};
	rootObject = 06FA821B1DD37A5900942740 /* Project object */;
}
